
Microsoft Visual Studio Solution File, Format Version 12.00
# Visual Studio Version 17
VisualStudioVersion = 17.0.31423.177
MinimumVisualStudioVersion = 10.0.40219.1
Project("{FAE04EC0-301F-11D3-BF4B-00C04F79EFBC}") = "InjuryRiskAssessment", "InjuryRiskAssessment\InjuryRiskAssessment.csproj", "{E5247513-A1F6-4060-99DB-6A7FB478FA33}"
EndProject
Global
	GlobalSection(SolutionConfigurationPlatforms) = preSolution
		Debug|Any CPU = Debug|Any CPU
		Release|Any CPU = Release|Any CPU
	EndGlobalSection
	GlobalSection(ProjectConfigurationPlatforms) = postSolution
		{E5247513-A1F6-4060-99DB-6A7FB478FA33}.Debug|Any CPU.ActiveCfg = Debug|Any CPU
		{E5247513-A1F6-4060-99DB-6A7FB478FA33}.Debug|Any CPU.Build.0 = Debug|Any CPU
		{E5247513-A1F6-4060-99DB-6A7FB478FA33}.Release|Any CPU.ActiveCfg = Release|Any CPU
		{E5247513-A1F6-4060-99DB-6A7FB478FA33}.Release|Any CPU.Build.0 = Release|Any CPU
	EndGlobalSection
	GlobalSection(SolutionProperties) = preSolution
		HideSolutionNode = FALSE
	EndGlobalSection
	GlobalSection(ExtensibilityGlobals) = postSolution
		SolutionGuid = {769AC489-47A4-42A3-81CF-7DAC091FC3C2}
	EndGlobalSection
EndGlobal
